
Microsoft Visual Studio Solution File, Format Version 12.00
# Visual Studio Version 17
VisualStudioVersion = 17.6.33815.320
MinimumVisualStudioVersion = 10.0.40219.1
Project("{FAE04EC0-301F-11D3-BF4B-00C04F79EFBC}") = "AsusScrapper", "AsusScrapper\AsusScrapper.csproj", "{138D5594-C7DC-44C4-BD25-0250F427D6D5}"
EndProject
Global
	GlobalSection(SolutionConfigurationPlatforms) = preSolution
		Debug|Any CPU = Debug|Any CPU
		Release|Any CPU = Release|Any CPU
	EndGlobalSection
	GlobalSection(ProjectConfigurationPlatforms) = postSolution
		{138D5594-C7DC-44C4-BD25-0250F427D6D5}.Debug|Any CPU.ActiveCfg = Debug|Any CPU
		{138D5594-C7DC-44C4-BD25-0250F427D6D5}.Debug|Any CPU.Build.0 = Debug|Any CPU
		{138D5594-C7DC-44C4-BD25-0250F427D6D5}.Release|Any CPU.ActiveCfg = Release|Any CPU
		{138D5594-C7DC-44C4-BD25-0250F427D6D5}.Release|Any CPU.Build.0 = Release|Any CPU
	EndGlobalSection
	GlobalSection(SolutionProperties) = preSolution
		HideSolutionNode = FALSE
	EndGlobalSection
	GlobalSection(ExtensibilityGlobals) = postSolution
		SolutionGuid = {A5BDB81D-80AE-43EB-B9D6-A40AFAF24254}
	EndGlobalSection
EndGlobal
